
Microsoft Visual Studio Solution File, Format Version 12.00
# Visual Studio 2013
VisualStudioVersion = 12.0.30501.0
MinimumVisualStudioVersion = 10.0.40219.1
Project("{FAE04EC0-301F-11D3-BF4B-00C04F79EFBC}") = "SelWCFServer", "SelWCFServer\SelWCFServer.csproj", "{034E2231-31D3-4D78-8EE9-DA524F696E44}"
EndProject
Project("{FAE04EC0-301F-11D3-BF4B-00C04F79EFBC}") = "SelWCFClient", "SelWCFClient\SelWCFClient.csproj", "{8A400D0B-11FE-43A8-A20C-A2EC38A546FD}"
EndProject
Global
	GlobalSection(SolutionConfigurationPlatforms) = preSolution
		Debug|Any CPU = Debug|Any CPU
		Release|Any CPU = Release|Any CPU
	EndGlobalSection
	GlobalSection(ProjectConfigurationPlatforms) = postSolution
		{034E2231-31D3-4D78-8EE9-DA524F696E44}.Debug|Any CPU.ActiveCfg = Debug|Any CPU
		{034E2231-31D3-4D78-8EE9-DA524F696E44}.Debug|Any CPU.Build.0 = Debug|Any CPU
		{034E2231-31D3-4D78-8EE9-DA524F696E44}.Release|Any CPU.ActiveCfg = Release|Any CPU
		{034E2231-31D3-4D78-8EE9-DA524F696E44}.Release|Any CPU.Build.0 = Release|Any CPU
		{8A400D0B-11FE-43A8-A20C-A2EC38A546FD}.Debug|Any CPU.ActiveCfg = Debug|Any CPU
		{8A400D0B-11FE-43A8-A20C-A2EC38A546FD}.Debug|Any CPU.Build.0 = Debug|Any CPU
		{8A400D0B-11FE-43A8-A20C-A2EC38A546FD}.Release|Any CPU.ActiveCfg = Release|Any CPU
		{8A400D0B-11FE-43A8-A20C-A2EC38A546FD}.Release|Any CPU.Build.0 = Release|Any CPU
	EndGlobalSection
	GlobalSection(SolutionProperties) = preSolution
		HideSolutionNode = FALSE
	EndGlobalSection
EndGlobal
